schema: '2.0'
stages:
  ingest:
    cmd: PYTHONPATH=src python -m workforce_mlops.data.ingest --input 
      data/raw/workforce.csv --output data/interim/workforce_clean.csv
    deps:
    - path: data/raw/workforce.csv
      hash: md5
      md5: f0fa46568e5a62da29fb9a00cda96698
      size: 42453
    - path: src/workforce_mlops/data/ingest.py
      hash: md5
      md5: 08b5492164a7b181260c17953858a34c
      size: 783
    outs:
    - path: data/interim/workforce_clean.csv
      hash: md5
      md5: 43230061d8f96162624cfd12bab030d4
      size: 41920
  validate:
    cmd: PYTHONPATH=src python -m workforce_mlops.data.validate --input 
      data/interim/workforce_clean.csv --report reports/validation_report.json
    deps:
    - path: data/interim/workforce_clean.csv
      hash: md5
      md5: 43230061d8f96162624cfd12bab030d4
      size: 41920
    - path: src/workforce_mlops/data/validate.py
      hash: md5
      md5: e90586e7292765b51690a86645934dea
      size: 2085
    outs:
    - path: reports/validation_report.json
      hash: md5
      md5: 73bedcfa83682b60dae2b554d93c1673
      size: 502
  preprocess:
    cmd: PYTHONPATH=src python -m workforce_mlops.data.preprocess --input 
      data/interim/workforce_clean.csv --train-output data/processed/train.csv 
      --val-output data/processed/val.csv --test-output data/processed/test.csv 
      --params params.yaml
    deps:
    - path: data/interim/workforce_clean.csv
      hash: md5
      md5: 43230061d8f96162624cfd12bab030d4
      size: 41920
    - path: params.yaml
      hash: md5
      md5: e36194fd61e7761579f5306768626fda
      size: 806
    - path: src/workforce_mlops/data/preprocess.py
      hash: md5
      md5: 1042dbb4bb9c1ced348abe8ab2ca497b
      size: 3863
    outs:
    - path: data/processed/test.csv
      hash: md5
      md5: f01a625a765061389bef61b0604699bd
      size: 2235
    - path: data/processed/train.csv
      hash: md5
      md5: 78840d39219377adc2f1666c13357aa9
      size: 37732
    - path: data/processed/val.csv
      hash: md5
      md5: 4bcf02dacaa7b6334cce3b04fe76d77c
      size: 2304
  train:
    cmd: OMP_NUM_THREADS=1 MKL_NUM_THREADS=1 PYTHONPATH=src python -m 
      workforce_mlops.models.train --train-path data/processed/train.csv 
      --val-path data/processed/val.csv --output-dir artifacts/baseline_model 
      --params params.yaml
    deps:
    - path: data/processed/train.csv
      hash: md5
      md5: 78840d39219377adc2f1666c13357aa9
      size: 37732
    - path: data/processed/val.csv
      hash: md5
      md5: 4bcf02dacaa7b6334cce3b04fe76d77c
      size: 2304
    - path: params.yaml
      hash: md5
      md5: e36194fd61e7761579f5306768626fda
      size: 806
    - path: src/workforce_mlops/mlflow_utils.py
      hash: md5
      md5: 3895b24f24a945201e645a097ab64b0e
      size: 2297
    - path: src/workforce_mlops/models/multitask_model.py
      hash: md5
      md5: 69b7b82c2875ef601a2e1fbfe7c234d6
      size: 1223
    - path: src/workforce_mlops/models/train.py
      hash: md5
      md5: 2e25341ef478d354f4cb6e44dc9214fc
      size: 10584
    outs:
    - path: artifacts/baseline_model/metadata.json
      hash: md5
      md5: b8b930314ad2b131cb5a17bca6bc3ed7
      size: 821
    - path: artifacts/baseline_model/model.pt
      hash: md5
      md5: f8068bc0bc392b1eadb33433cd583d76
      size: 56402
    - path: artifacts/baseline_model/preprocessor.joblib
      hash: md5
      md5: 1d8dc4bbad8f600868fe62011c1e0043
      size: 4047
    - path: reports/val_metrics.json
      hash: md5
      md5: db05d26569f96b6c769c22d899f35d9f
      size: 274
  evaluate:
    cmd: PYTHONPATH=src python -m workforce_mlops.models.evaluate --test-path 
      data/processed/test.csv --artifact-dir artifacts/model --report-path 
      reports/test_metrics.json
    deps:
    - path: artifacts/model/metadata.json
      hash: md5
      md5: ac38222dc7c1c62eefa40e09a5f744b9
      size: 979
    - path: artifacts/model/model.pt
      hash: md5
      md5: 95159372a758e71864550c26ad3fefcc
      size: 109930
    - path: artifacts/model/preprocessor.joblib
      hash: md5
      md5: 1d8dc4bbad8f600868fe62011c1e0043
      size: 4047
    - path: data/processed/test.csv
      hash: md5
      md5: f01a625a765061389bef61b0604699bd
      size: 2235
    - path: reports/model_promotion.json
      hash: md5
      md5: f08ad2054a3fe9574d4a4806ab3e2bb3
      size: 1019
    - path: src/workforce_mlops/mlflow_utils.py
      hash: md5
      md5: 3895b24f24a945201e645a097ab64b0e
      size: 2297
    - path: src/workforce_mlops/models/evaluate.py
      hash: md5
      md5: 441b1f31101c0866a72c292af1840c0e
      size: 3093
    - path: src/workforce_mlops/models/model_factory.py
      hash: md5
      md5: 34a8abb13778d2e85b51d0cb89dbff7e
      size: 3983
    - path: src/workforce_mlops/models/predict.py
      hash: md5
      md5: e5e36e9de03747e66e512747dcae42fd
      size: 3259
    outs:
    - path: reports/test_metrics.json
      hash: md5
      md5: d8ca45bdf90e26254d3bd94f54997a65
      size: 281
  compare_models:
    cmd: OMP_NUM_THREADS=1 MKL_NUM_THREADS=1 PYTHONPATH=src python -m 
      workforce_mlops.models.compare_models --input-path 
      data/interim/workforce_clean.csv --params params.yaml --output-report 
      reports/model_comparison.csv --output-summary 
      reports/model_comparison_summary.json --artifact-dir artifacts/experiments
    deps:
    - path: data/interim/workforce_clean.csv
      hash: md5
      md5: 43230061d8f96162624cfd12bab030d4
      size: 41920
    - path: params.yaml
      hash: md5
      md5: e36194fd61e7761579f5306768626fda
      size: 806
    - path: src/workforce_mlops/data/preprocess.py
      hash: md5
      md5: 1042dbb4bb9c1ced348abe8ab2ca497b
      size: 3863
    - path: src/workforce_mlops/mlflow_utils.py
      hash: md5
      md5: 3895b24f24a945201e645a097ab64b0e
      size: 2297
    - path: src/workforce_mlops/models/compare_models.py
      hash: md5
      md5: 7a08b37f1ef7ff9901e60f92d53cc3a0
      size: 15591
    - path: src/workforce_mlops/models/model_factory.py
      hash: md5
      md5: 34a8abb13778d2e85b51d0cb89dbff7e
      size: 3983
    - path: src/workforce_mlops/models/multitask_model.py
      hash: md5
      md5: 69b7b82c2875ef601a2e1fbfe7c234d6
      size: 1223
    outs:
    - path: artifacts/experiments
      hash: md5
      md5: 213456a6f20db131550bb2235ae5b586.dir
      size: 462882
      nfiles: 7
    - path: reports/model_comparison.csv
      hash: md5
      md5: 235667e84f2557b2452dbdd2d6af4469
      size: 1071
    - path: reports/model_comparison_summary.json
      hash: md5
      md5: 9d45461d44f8dd4068d31eb8a3d54299
      size: 550
  promote_model:
    cmd: PYTHONPATH=src python -m workforce_mlops.models.promote_model 
      --comparison-report reports/model_comparison.csv --summary-path 
      reports/model_comparison_summary.json --experiments-dir 
      artifacts/experiments --output-dir artifacts/model --params params.yaml 
      --promotion-report reports/model_promotion.json
    deps:
    - path: artifacts/experiments
      hash: md5
      md5: 213456a6f20db131550bb2235ae5b586.dir
      size: 462882
      nfiles: 7
    - path: params.yaml
      hash: md5
      md5: e36194fd61e7761579f5306768626fda
      size: 806
    - path: reports/model_comparison.csv
      hash: md5
      md5: 235667e84f2557b2452dbdd2d6af4469
      size: 1071
    - path: reports/model_comparison_summary.json
      hash: md5
      md5: 9d45461d44f8dd4068d31eb8a3d54299
      size: 550
    - path: src/workforce_mlops/mlflow_utils.py
      hash: md5
      md5: 3895b24f24a945201e645a097ab64b0e
      size: 2297
    - path: src/workforce_mlops/models/promote_model.py
      hash: md5
      md5: 18641ca4ab16b89c7e11e5083ec1a705
      size: 13134
    outs:
    - path: artifacts/model/metadata.json
      hash: md5
      md5: ac38222dc7c1c62eefa40e09a5f744b9
      size: 979
    - path: artifacts/model/model.pt
      hash: md5
      md5: 95159372a758e71864550c26ad3fefcc
      size: 109930
    - path: artifacts/model/preprocessor.joblib
      hash: md5
      md5: 1d8dc4bbad8f600868fe62011c1e0043
      size: 4047
    - path: reports/model_promotion.json
      hash: md5
      md5: f08ad2054a3fe9574d4a4806ab3e2bb3
      size: 1019
